
Microsoft Visual Studio Solution File, Format Version 12.00
# Visual Studio 15
VisualStudioVersion = 15.0.28307.136
MinimumVisualStudioVersion = 10.0.40219.1
Project("{FAE04EC0-301F-11D3-BF4B-00C04F79EFBC}") = "BeerMonastery", "BeerMonastery\BeerMonastery.csproj", "{2D29E519-6BDA-49C2-AB9C-0CA69C768F66}"
EndProject
Global
	GlobalSection(SolutionConfigurationPlatforms) = preSolution
		Debug|Any CPU = Debug|Any CPU
		Release|Any CPU = Release|Any CPU
	EndGlobalSection
	GlobalSection(ProjectConfigurationPlatforms) = postSolution
		{2D29E519-6BDA-49C2-AB9C-0CA69C768F66}.Debug|Any CPU.ActiveCfg = Debug|Any CPU
		{2D29E519-6BDA-49C2-AB9C-0CA69C768F66}.Debug|Any CPU.Build.0 = Debug|Any CPU
		{2D29E519-6BDA-49C2-AB9C-0CA69C768F66}.Release|Any CPU.ActiveCfg = Release|Any CPU
		{2D29E519-6BDA-49C2-AB9C-0CA69C768F66}.Release|Any CPU.Build.0 = Release|Any CPU
	EndGlobalSection
	GlobalSection(SolutionProperties) = preSolution
		HideSolutionNode = FALSE
	EndGlobalSection
	GlobalSection(ExtensibilityGlobals) = postSolution
		SolutionGuid = {0C09909A-5F31-485A-B52B-42B54C900779}
	EndGlobalSection
EndGlobal
